// !$*UTF8*$!
{
	archiveVersion = 1;
	classes = {
	};
	objectVersion = 51;
	objects = {

/* Begin PBXBuildFile section */
		202E35F04DBF981651F6E772 /* libPods-GitHubAppTests.a in Frameworks */ = {isa = PBXBuildFile; fileRef = C1FAB2F74892E62DBC27E628 /* libPods-GitHubAppTests.a */; };
		4A1B40C724A62D160048FFF3 /* Reusable.swift in Sources */ = {isa = PBXBuildFile; fileRef = 4A1B40C624A62D160048FFF3 /* Reusable.swift */; };
		4A1B40C924A62E0A0048FFF3 /* UserTableDataSource.swift in Sources */ = {isa = PBXBuildFile; fileRef = 4A1B40C824A62E0A0048FFF3 /* UserTableDataSource.swift */; };
		4A3056A924A773CE00E5B5C4 /* LocalPersistenceUserGateway.swift in Sources */ = {isa = PBXBuildFile; fileRef = 4A3056A824A773CE00E5B5C4 /* LocalPersistenceUserGateway.swift */; };
		4A3056AC24A7763000E5B5C4 /* CacheUsersGateway.swift in Sources */ = {isa = PBXBuildFile; fileRef = 4A3056AB24A7763000E5B5C4 /* CacheUsersGateway.swift */; };
		4A3F995A24A7E5A60042CE9B /* Reachability.swift in Sources */ = {isa = PBXBuildFile; fileRef = 4A3F995924A7E5A60042CE9B /* Reachability.swift */; };
		4A3F995C24A7E9F70042CE9B /* AppNotificationName.swift in Sources */ = {isa = PBXBuildFile; fileRef = 4A3F995B24A7E9F70042CE9B /* AppNotificationName.swift */; };
		4A3F996224A8A2A40042CE9B /* UserFormatterTests.swift in Sources */ = {isa = PBXBuildFile; fileRef = 4A3F996124A8A2A40042CE9B /* UserFormatterTests.swift */; };
		4A3F996824A8ABFA0042CE9B /* UsersUseCaseTests.swift in Sources */ = {isa = PBXBuildFile; fileRef = 4A3F996724A8ABFA0042CE9B /* UsersUseCaseTests.swift */; };
		4A3F996C24A8AC190042CE9B /* UsersGatewayTests.swift in Sources */ = {isa = PBXBuildFile; fileRef = 4A3F996B24A8AC190042CE9B /* UsersGatewayTests.swift */; };
		4A3F996F24A8AC420042CE9B /* UsersViewModelTests.swift in Sources */ = {isa = PBXBuildFile; fileRef = 4A3F996E24A8AC420042CE9B /* UsersViewModelTests.swift */; };
		4A3F997624A8B8320042CE9B /* User.json in Resources */ = {isa = PBXBuildFile; fileRef = 4A3F997524A8B8320042CE9B /* User.json */; };
		4A3F997724A8B8320042CE9B /* User.json in Resources */ = {isa = PBXBuildFile; fileRef = 4A3F997524A8B8320042CE9B /* User.json */; };
		4A56650D24B3FA5A00613541 /* StubbedResponseFactory.swift in Sources */ = {isa = PBXBuildFile; fileRef = 4A56650C24B3FA5A00613541 /* StubbedResponseFactory.swift */; };
		4A57635324A9DCBF0020832C /* UserCell.swift in Sources */ = {isa = PBXBuildFile; fileRef = 4A57635224A9DCBF0020832C /* UserCell.swift */; };
		4A57635524A9DDBE0020832C /* UserDataModel.swift in Sources */ = {isa = PBXBuildFile; fileRef = 4A57635424A9DDBE0020832C /* UserDataModel.swift */; };
		4A57635724A9E3270020832C /* UserCellViewModel.swift in Sources */ = {isa = PBXBuildFile; fileRef = 4A57635624A9E3270020832C /* UserCellViewModel.swift */; };
		4A57635924A9EAC70020832C /* UserNormalTableViewCell.swift in Sources */ = {isa = PBXBuildFile; fileRef = 4A57635824A9EAC70020832C /* UserNormalTableViewCell.swift */; };
		4A57635B24A9EE2D0020832C /* UserInvertedTableViewCell.swift in Sources */ = {isa = PBXBuildFile; fileRef = 4A57635A24A9EE2D0020832C /* UserInvertedTableViewCell.swift */; };
		4A57635D24A9F19C0020832C /* UserNoteTableViewCell.swift in Sources */ = {isa = PBXBuildFile; fileRef = 4A57635C24A9F19C0020832C /* UserNoteTableViewCell.swift */; };
		4A57635F24A9F2B40020832C /* UserNoteInvertedTableViewCell.swift in Sources */ = {isa = PBXBuildFile; fileRef = 4A57635E24A9F2B40020832C /* UserNoteInvertedTableViewCell.swift */; };
		4A5A607324A6394C0016D35A /* PreviewView.swift in Sources */ = {isa = PBXBuildFile; fileRef = 4A5A607224A6394C0016D35A /* PreviewView.swift */; };
		4A5A607724A63F050016D35A /* User.swift in Sources */ = {isa = PBXBuildFile; fileRef = 4A5A607624A63F050016D35A /* User.swift */; };
		4A5A607A24A645690016D35A /* GetUsersUseCase.swift in Sources */ = {isa = PBXBuildFile; fileRef = 4A5A607924A645690016D35A /* GetUsersUseCase.swift */; };
		4A5A607D24A6461F0016D35A /* GetUsersGateway.swift in Sources */ = {isa = PBXBuildFile; fileRef = 4A5A607C24A6461F0016D35A /* GetUsersGateway.swift */; };
		4A5A608324A649210016D35A /* ApiUser.swift in Sources */ = {isa = PBXBuildFile; fileRef = 4A5A608224A649210016D35A /* ApiUser.swift */; };
		4A5A608624A64ADA0016D35A /* ApiClient.swift in Sources */ = {isa = PBXBuildFile; fileRef = 4A5A608524A64ADA0016D35A /* ApiClient.swift */; };
		4A5A608824A64C750016D35A /* ApiResponse.swift in Sources */ = {isa = PBXBuildFile; fileRef = 4A5A608724A64C750016D35A /* ApiResponse.swift */; };
		4A5A608B24A64E9D0016D35A /* JSONDecoder+snakeToCamelCase.swift in Sources */ = {isa = PBXBuildFile; fileRef = 4A5A608A24A64E9D0016D35A /* JSONDecoder+snakeToCamelCase.swift */; };
		4A5A608D24A64EE50016D35A /* JSONEncoder+camelToSnakeCase.swift in Sources */ = {isa = PBXBuildFile; fileRef = 4A5A608C24A64EE50016D35A /* JSONEncoder+camelToSnakeCase.swift */; };
		4A5A608F24A64FAA0016D35A /* ApiLogger.swift in Sources */ = {isa = PBXBuildFile; fileRef = 4A5A608E24A64FAA0016D35A /* ApiLogger.swift */; };
		4A5A609224A653C90016D35A /* GetUsersApiRequest.swift in Sources */ = {isa = PBXBuildFile; fileRef = 4A5A609124A653C90016D35A /* GetUsersApiRequest.swift */; };
		4A5A609424A654790016D35A /* HTTPMethod.swift in Sources */ = {isa = PBXBuildFile; fileRef = 4A5A609324A654790016D35A /* HTTPMethod.swift */; };
		4A5A609624A6582A0016D35A /* UserGateway.swift in Sources */ = {isa = PBXBuildFile; fileRef = 4A5A609524A6582A0016D35A /* UserGateway.swift */; };
		4A5A609824A65AFA0016D35A /* UsersViewModel.swift in Sources */ = {isa = PBXBuildFile; fileRef = 4A5A609724A65AFA0016D35A /* UsersViewModel.swift */; };
		4A5A609B24A6601C0016D35A /* UserFormatter.swift in Sources */ = {isa = PBXBuildFile; fileRef = 4A5A609A24A6601C0016D35A /* UserFormatter.swift */; };
		4A5BDF5324AA345900AEE822 /* GitHubAppUITests.swift in Sources */ = {isa = PBXBuildFile; fileRef = 4A5BDF5224AA345900AEE822 /* GitHubAppUITests.swift */; };
		4A6263C624A7596100BB0E23 /* GitHubApp.xcdatamodeld in Sources */ = {isa = PBXBuildFile; fileRef = 4A6263C424A7596100BB0E23 /* GitHubApp.xcdatamodeld */; };
		4A6263C824A75CF900BB0E23 /* CoreDataStack.swift in Sources */ = {isa = PBXBuildFile; fileRef = 4A6263C724A75CF900BB0E23 /* CoreDataStack.swift */; };
		4A6263D024A76BC200BB0E23 /* NoteGateway.swift in Sources */ = {isa = PBXBuildFile; fileRef = 4A6263CF24A76BC200BB0E23 /* NoteGateway.swift */; };
		4A6263D224A76C0200BB0E23 /* NoteUseCase.swift in Sources */ = {isa = PBXBuildFile; fileRef = 4A6263D124A76C0200BB0E23 /* NoteUseCase.swift */; };
		4A6263DA24A7710500BB0E23 /* CDUser.swift in Sources */ = {isa = PBXBuildFile; fileRef = 4A6263D624A7710500BB0E23 /* CDUser.swift */; };
		4A6263DC24A7710500BB0E23 /* CDNote.swift in Sources */ = {isa = PBXBuildFile; fileRef = 4A6263D824A7710500BB0E23 /* CDNote.swift */; };
		4A76043924A6746800342D56 /* ImageCache.swift in Sources */ = {isa = PBXBuildFile; fileRef = 4A76043824A6746800342D56 /* ImageCache.swift */; };
		4A76043B24A6758600342D56 /* ImageLoader.swift in Sources */ = {isa = PBXBuildFile; fileRef = 4A76043A24A6758600342D56 /* ImageLoader.swift */; };
		4A76043D24A67A2700342D56 /* UIView+shimmer.swift in Sources */ = {isa = PBXBuildFile; fileRef = 4A76043C24A67A2700342D56 /* UIView+shimmer.swift */; };
		4A76043F24A67B2700342D56 /* UIView+.swift in Sources */ = {isa = PBXBuildFile; fileRef = 4A76043E24A67B2700342D56 /* UIView+.swift */; };
		4A76044124A6A74F00342D56 /* UsersShimmerView.swift in Sources */ = {isa = PBXBuildFile; fileRef = 4A76044024A6A74F00342D56 /* UsersShimmerView.swift */; };
		4A76B40F24A6B98800357EE4 /* UserDetailViewController.swift in Sources */ = {isa = PBXBuildFile; fileRef = 4A76B40E24A6B98800357EE4 /* UserDetailViewController.swift */; };
		4A76B41124A6BA3600357EE4 /* UserDetailViewController.xib in Resources */ = {isa = PBXBuildFile; fileRef = 4A76B41024A6BA3600357EE4 /* UserDetailViewController.xib */; };
		4A76B41324A6BC6E00357EE4 /* UserDetailCompoer.swift in Sources */ = {isa = PBXBuildFile; fileRef = 4A76B41224A6BC6E00357EE4 /* UserDetailCompoer.swift */; };
		4A76B41524A6BD9700357EE4 /* InitFromNib.swift in Sources */ = {isa = PBXBuildFile; fileRef = 4A76B41424A6BD9700357EE4 /* InitFromNib.swift */; };
		4A76B41724A713F500357EE4 /* GetUserUseCase.swift in Sources */ = {isa = PBXBuildFile; fileRef = 4A76B41624A713F500357EE4 /* GetUserUseCase.swift */; };
		4A76B41924A7146500357EE4 /* GetUserGateway.swift in Sources */ = {isa = PBXBuildFile; fileRef = 4A76B41824A7146500357EE4 /* GetUserGateway.swift */; };
		4A76B41B24A714D500357EE4 /* GetUserApiRequest.swift in Sources */ = {isa = PBXBuildFile; fileRef = 4A76B41A24A714D500357EE4 /* GetUserApiRequest.swift */; };
		4A76B41D24A716FA00357EE4 /* UserDetailViewModel.swift in Sources */ = {isa = PBXBuildFile; fileRef = 4A76B41C24A716FA00357EE4 /* UserDetailViewModel.swift */; };
		4A76B42024A735DC00357EE4 /* UserDetailShimmerView.swift in Sources */ = {isa = PBXBuildFile; fileRef = 4A76B41F24A735DC00357EE4 /* UserDetailShimmerView.swift */; };
		4A76B42224A735EF00357EE4 /* UserDetailShimmerView.xib in Resources */ = {isa = PBXBuildFile; fileRef = 4A76B42124A735EF00357EE4 /* UserDetailShimmerView.xib */; };
		4A76B42524A74C7D00357EE4 /* BaseViewController.swift in Sources */ = {isa = PBXBuildFile; fileRef = 4A76B42424A74C7D00357EE4 /* BaseViewController.swift */; };
		4AFD680C24A5DDDC00668714 /* AppDelegate.swift in Sources */ = {isa = PBXBuildFile; fileRef = 4AFD680B24A5DDDC00668714 /* AppDelegate.swift */; };
		4AFD680E24A5DDDC00668714 /* SceneDelegate.swift in Sources */ = {isa = PBXBuildFile; fileRef = 4AFD680D24A5DDDC00668714 /* SceneDelegate.swift */; };
		4AFD681524A5DDE300668714 /* Assets.xcassets in Resources */ = {isa = PBXBuildFile; fileRef = 4AFD681424A5DDE300668714 /* Assets.xcassets */; };
		4AFD681824A5DDE300668714 /* LaunchScreen.storyboard in Resources */ = {isa = PBXBuildFile; fileRef = 4AFD681624A5DDE300668714 /* LaunchScreen.storyboard */; };
		4AFD684224A5E8E600668714 /* CoordinatorType.swift in Sources */ = {isa = PBXBuildFile; fileRef = 4AFD684124A5E8E600668714 /* CoordinatorType.swift */; };
		4AFD684424A5E93A00668714 /* MainCoordinator.swift in Sources */ = {isa = PBXBuildFile; fileRef = 4AFD684324A5E93A00668714 /* MainCoordinator.swift */; };
		4AFD684E24A5F53A00668714 /* UsersViewController.swift in Sources */ = {isa = PBXBuildFile; fileRef = 4AFD684D24A5F53A00668714 /* UsersViewController.swift */; };
		4AFD685024A5F60800668714 /* UsersScreenComposer.swift in Sources */ = {isa = PBXBuildFile; fileRef = 4AFD684F24A5F60800668714 /* UsersScreenComposer.swift */; };
		4AFD685424A607B000668714 /* AppManager.swift in Sources */ = {isa = PBXBuildFile; fileRef = 4AFD685324A607B000668714 /* AppManager.swift */; };
		4AFD685624A610A200668714 /* Colors.xcassets in Resources */ = {isa = PBXBuildFile; fileRef = 4AFD685524A610A200668714 /* Colors.xcassets */; };
		4AFD685A24A611BC00668714 /* AppColors.swift in Sources */ = {isa = PBXBuildFile; fileRef = 4AFD685924A611BC00668714 /* AppColors.swift */; };
		4AFD685D24A612F500668714 /* Localizable.strings in Resources */ = {isa = PBXBuildFile; fileRef = 4AFD685F24A612F500668714 /* Localizable.strings */; };
		4AFD686124A6135B00668714 /* AppStrings.swift in Sources */ = {isa = PBXBuildFile; fileRef = 4AFD686024A6135B00668714 /* AppStrings.swift */; };
		4E4607DF72CDFDC4BE655FC7 /* Pods_GitHubApp.framework in Frameworks */ = {isa = PBXBuildFile; fileRef = 81386D42387610956F40EDBD /* Pods_GitHubApp.framework */; };
		D0A9F45D80C640813987A9FE /* libPods-GitHubAppUITests.a in Frameworks */ = {isa = PBXBuildFile; fileRef = 2FB96F00FE17926FA7549FEC /* libPods-GitHubAppUITests.a */; };
/* End PBXBuildFile section */

/* Begin PBXContainerItemProxy section */
		4AFD681F24A5DDE300668714 /* PBXContainerItemProxy */ = {
			isa = PBXContainerItemProxy;
			containerPortal = 4AFD680024A5DDDC00668714 /* Project object */;
			proxyType = 1;
			remoteGlobalIDString = 4AFD680724A5DDDC00668714;
			remoteInfo = GitHubApp;
		};
		4AFD682A24A5DDE300668714 /* PBXContainerItemProxy */ = {
			isa = PBXContainerItemProxy;
			containerPortal = 4AFD680024A5DDDC00668714 /* Project object */;
			proxyType = 1;
			remoteGlobalIDString = 4AFD680724A5DDDC00668714;
			remoteInfo = GitHubApp;
		};
/* End PBXContainerItemProxy section */

/* Begin PBXFileReference section */
		2FB96F00FE17926FA7549FEC /* libPods-GitHubAppUITests.a */ = {isa = PBXFileReference; explicitFileType = archive.ar; includeInIndex = 0; path = "libPods-GitHubAppUITests.a"; sourceTree = BUILT_PRODUCTS_DIR; };
		3263E87CA05DEB1419F2E480 /* Pods-GitHubAppUITests.release.xcconfig */ = {isa = PBXFileReference; includeInIndex = 1; lastKnownFileType = text.xcconfig; name = "Pods-GitHubAppUITests.release.xcconfig"; path = "Target Support Files/Pods-GitHubAppUITests/Pods-GitHubAppUITests.release.xcconfig"; sourceTree = "<group>"; };
		4A1B40C624A62D160048FFF3 /* Reusable.swift */ = {isa = PBXFileReference; lastKnownFileType = sourcecode.swift; path = Reusable.swift; sourceTree = "<group>"; };
		4A1B40C824A62E0A0048FFF3 /* UserTableDataSource.swift */ = {isa = PBXFileReference; lastKnownFileType = sourcecode.swift; path = UserTableDataSource.swift; sourceTree = "<group>"; };
		4A3056A824A773CE00E5B5C4 /* LocalPersistenceUserGateway.swift */ = {isa = PBXFileReference; lastKnownFileType = sourcecode.swift; path = LocalPersistenceUserGateway.swift; sourceTree = "<group>"; };
		4A3056AB24A7763000E5B5C4 /* CacheUsersGateway.swift */ = {isa = PBXFileReference; lastKnownFileType = sourcecode.swift; path = CacheUsersGateway.swift; sourceTree = "<group>"; };
		4A3F995924A7E5A60042CE9B /* Reachability.swift */ = {isa = PBXFileReference; lastKnownFileType = sourcecode.swift; path = Reachability.swift; sourceTree = "<group>"; };
		4A3F995B24A7E9F70042CE9B /* AppNotificationName.swift */ = {isa = PBXFileReference; lastKnownFileType = sourcecode.swift; path = AppNotificationName.swift; sourceTree = "<group>"; };
		4A3F996124A8A2A40042CE9B /* UserFormatterTests.swift */ = {isa = PBXFileReference; lastKnownFileType = sourcecode.swift; path = UserFormatterTests.swift; sourceTree = "<group>"; };
		4A3F996724A8ABFA0042CE9B /* UsersUseCaseTests.swift */ = {isa = PBXFileReference; lastKnownFileType = sourcecode.swift; path = UsersUseCaseTests.swift; sourceTree = "<group>"; };
		4A3F996B24A8AC190042CE9B /* UsersGatewayTests.swift */ = {isa = PBXFileReference; lastKnownFileType = sourcecode.swift; path = UsersGatewayTests.swift; sourceTree = "<group>"; };
		4A3F996E24A8AC420042CE9B /* UsersViewModelTests.swift */ = {isa = PBXFileReference; lastKnownFileType = sourcecode.swift; path = UsersViewModelTests.swift; sourceTree = "<group>"; };
		4A3F997524A8B8320042CE9B /* User.json */ = {isa = PBXFileReference; fileEncoding = 4; lastKnownFileType = text.json; path = User.json; sourceTree = "<group>"; };
		4A56650C24B3FA5A00613541 /* StubbedResponseFactory.swift */ = {isa = PBXFileReference; lastKnownFileType = sourcecode.swift; path = StubbedResponseFactory.swift; sourceTree = "<group>"; };
		4A57635224A9DCBF0020832C /* UserCell.swift */ = {isa = PBXFileReference; lastKnownFileType = sourcecode.swift; path = UserCell.swift; sourceTree = "<group>"; };
		4A57635424A9DDBE0020832C /* UserDataModel.swift */ = {isa = PBXFileReference; lastKnownFileType = sourcecode.swift; path = UserDataModel.swift; sourceTree = "<group>"; };
		4A57635624A9E3270020832C /* UserCellViewModel.swift */ = {isa = PBXFileReference; lastKnownFileType = sourcecode.swift; path = UserCellViewModel.swift; sourceTree = "<group>"; };
		4A57635824A9EAC70020832C /* UserNormalTableViewCell.swift */ = {isa = PBXFileReference; lastKnownFileType = sourcecode.swift; path = UserNormalTableViewCell.swift; sourceTree = "<group>"; };
		4A57635A24A9EE2D0020832C /* UserInvertedTableViewCell.swift */ = {isa = PBXFileReference; lastKnownFileType = sourcecode.swift; path = UserInvertedTableViewCell.swift; sourceTree = "<group>"; };
		4A57635C24A9F19C0020832C /* UserNoteTableViewCell.swift */ = {isa = PBXFileReference; lastKnownFileType = sourcecode.swift; path = UserNoteTableViewCell.swift; sourceTree = "<group>"; };
		4A57635E24A9F2B40020832C /* UserNoteInvertedTableViewCell.swift */ = {isa = PBXFileReference; lastKnownFileType = sourcecode.swift; path = UserNoteInvertedTableViewCell.swift; sourceTree = "<group>"; };
		4A5A607224A6394C0016D35A /* PreviewView.swift */ = {isa = PBXFileReference; fileEncoding = 4; lastKnownFileType = sourcecode.swift; path = PreviewView.swift; sourceTree = "<group>"; };
		4A5A607624A63F050016D35A /* User.swift */ = {isa = PBXFileReference; lastKnownFileType = sourcecode.swift; path = User.swift; sourceTree = "<group>"; };
		4A5A607924A645690016D35A /* GetUsersUseCase.swift */ = {isa = PBXFileReference; lastKnownFileType = sourcecode.swift; path = GetUsersUseCase.swift; sourceTree = "<group>"; };
		4A5A607C24A6461F0016D35A /* GetUsersGateway.swift */ = {isa = PBXFileReference; lastKnownFileType = sourcecode.swift; path = GetUsersGateway.swift; sourceTree = "<group>"; };
		4A5A608224A649210016D35A /* ApiUser.swift */ = {isa = PBXFileReference; lastKnownFileType = sourcecode.swift; path = ApiUser.swift; sourceTree = "<group>"; };
		4A5A608524A64ADA0016D35A /* ApiClient.swift */ = {isa = PBXFileReference; lastKnownFileType = sourcecode.swift; path = ApiClient.swift; sourceTree = "<group>"; };
		4A5A608724A64C750016D35A /* ApiResponse.swift */ = {isa = PBXFileReference; lastKnownFileType = sourcecode.swift; path = ApiResponse.swift; sourceTree = "<group>"; };
		4A5A608A24A64E9D0016D35A /* JSONDecoder+snakeToCamelCase.swift */ = {isa = PBXFileReference; lastKnownFileType = sourcecode.swift; path = "JSONDecoder+snakeToCamelCase.swift"; sourceTree = "<group>"; };
		4A5A608C24A64EE50016D35A /* JSONEncoder+camelToSnakeCase.swift */ = {isa = PBXFileReference; lastKnownFileType = sourcecode.swift; path = "JSONEncoder+camelToSnakeCase.swift"; sourceTree = "<group>"; };
		4A5A608E24A64FAA0016D35A /* ApiLogger.swift */ = {isa = PBXFileReference; lastKnownFileType = sourcecode.swift; path = ApiLogger.swift; sourceTree = "<group>"; };
		4A5A609124A653C90016D35A /* GetUsersApiRequest.swift */ = {isa = PBXFileReference; lastKnownFileType = sourcecode.swift; path = GetUsersApiRequest.swift; sourceTree = "<group>"; };
		4A5A609324A654790016D35A /* HTTPMethod.swift */ = {isa = PBXFileReference; lastKnownFileType = sourcecode.swift; path = HTTPMethod.swift; sourceTree = "<group>"; };
		4A5A609524A6582A0016D35A /* UserGateway.swift */ = {isa = PBXFileReference; lastKnownFileType = sourcecode.swift; path = UserGateway.swift; sourceTree = "<group>"; };
		4A5A609724A65AFA0016D35A /* UsersViewModel.swift */ = {isa = PBXFileReference; lastKnownFileType = sourcecode.swift; path = UsersViewModel.swift; sourceTree = "<group>"; };
		4A5A609A24A6601C0016D35A /* UserFormatter.swift */ = {isa = PBXFileReference; lastKnownFileType = sourcecode.swift; path = UserFormatter.swift; sourceTree = "<group>"; };
		4A5BDF5224AA345900AEE822 /* GitHubAppUITests.swift */ = {isa = PBXFileReference; lastKnownFileType = sourcecode.swift; path = GitHubAppUITests.swift; sourceTree = "<group>"; };
		4A6263C524A7596100BB0E23 /* GitHubApp.xcdatamodel */ = {isa = PBXFileReference; lastKnownFileType = wrapper.xcdatamodel; path = GitHubApp.xcdatamodel; sourceTree = "<group>"; };
		4A6263C724A75CF900BB0E23 /* CoreDataStack.swift */ = {isa = PBXFileReference; lastKnownFileType = sourcecode.swift; path = CoreDataStack.swift; sourceTree = "<group>"; };
		4A6263CF24A76BC200BB0E23 /* NoteGateway.swift */ = {isa = PBXFileReference; lastKnownFileType = sourcecode.swift; path = NoteGateway.swift; sourceTree = "<group>"; };
		4A6263D124A76C0200BB0E23 /* NoteUseCase.swift */ = {isa = PBXFileReference; lastKnownFileType = sourcecode.swift; path = NoteUseCase.swift; sourceTree = "<group>"; };
		4A6263D624A7710500BB0E23 /* CDUser.swift */ = {isa = PBXFileReference; fileEncoding = 4; lastKnownFileType = sourcecode.swift; path = CDUser.swift; sourceTree = "<group>"; };
		4A6263D824A7710500BB0E23 /* CDNote.swift */ = {isa = PBXFileReference; fileEncoding = 4; lastKnownFileType = sourcecode.swift; path = CDNote.swift; sourceTree = "<group>"; };
		4A76043824A6746800342D56 /* ImageCache.swift */ = {isa = PBXFileReference; lastKnownFileType = sourcecode.swift; path = ImageCache.swift; sourceTree = "<group>"; };
		4A76043A24A6758600342D56 /* ImageLoader.swift */ = {isa = PBXFileReference; lastKnownFileType = sourcecode.swift; path = ImageLoader.swift; sourceTree = "<group>"; };
		4A76043C24A67A2700342D56 /* UIView+shimmer.swift */ = {isa = PBXFileReference; lastKnownFileType = sourcecode.swift; path = "UIView+shimmer.swift"; sourceTree = "<group>"; };
		4A76043E24A67B2700342D56 /* UIView+.swift */ = {isa = PBXFileReference; lastKnownFileType = sourcecode.swift; path = "UIView+.swift"; sourceTree = "<group>"; };
		4A76044024A6A74F00342D56 /* UsersShimmerView.swift */ = {isa = PBXFileReference; lastKnownFileType = sourcecode.swift; path = UsersShimmerView.swift; sourceTree = "<group>"; };
		4A76B40E24A6B98800357EE4 /* UserDetailViewController.swift */ = {isa = PBXFileReference; lastKnownFileType = sourcecode.swift; path = UserDetailViewController.swift; sourceTree = "<group>"; };
		4A76B41024A6BA3600357EE4 /* UserDetailViewController.xib */ = {isa = PBXFileReference; lastKnownFileType = file.xib; path = UserDetailViewController.xib; sourceTree = "<group>"; };
		4A76B41224A6BC6E00357EE4 /* UserDetailCompoer.swift */ = {isa = PBXFileReference; lastKnownFileType = sourcecode.swift; path = UserDetailCompoer.swift; sourceTree = "<group>"; };
		4A76B41424A6BD9700357EE4 /* InitFromNib.swift */ = {isa = PBXFileReference; lastKnownFileType = sourcecode.swift; path = InitFromNib.swift; sourceTree = "<group>"; };
		4A76B41624A713F500357EE4 /* GetUserUseCase.swift */ = {isa = PBXFileReference; lastKnownFileType = sourcecode.swift; path = GetUserUseCase.swift; sourceTree = "<group>"; };
		4A76B41824A7146500357EE4 /* GetUserGateway.swift */ = {isa = PBXFileReference; lastKnownFileType = sourcecode.swift; path = GetUserGateway.swift; sourceTree = "<group>"; };
		4A76B41A24A714D500357EE4 /* GetUserApiRequest.swift */ = {isa = PBXFileReference; lastKnownFileType = sourcecode.swift; path = GetUserApiRequest.swift; sourceTree = "<group>"; };
		4A76B41C24A716FA00357EE4 /* UserDetailViewModel.swift */ = {isa = PBXFileReference; lastKnownFileType = sourcecode.swift; path = UserDetailViewModel.swift; sourceTree = "<group>"; };
		4A76B41F24A735DC00357EE4 /* UserDetailShimmerView.swift */ = {isa = PBXFileReference; lastKnownFileType = sourcecode.swift; path = UserDetailShimmerView.swift; sourceTree = "<group>"; };
		4A76B42124A735EF00357EE4 /* UserDetailShimmerView.xib */ = {isa = PBXFileReference; lastKnownFileType = file.xib; path = UserDetailShimmerView.xib; sourceTree = "<group>"; };
		4A76B42424A74C7D00357EE4 /* BaseViewController.swift */ = {isa = PBXFileReference; lastKnownFileType = sourcecode.swift; path = BaseViewController.swift; sourceTree = "<group>"; };
		4AFD680824A5DDDC00668714 /* GitHubApp.app */ = {isa = PBXFileReference; explicitFileType = wrapper.application; includeInIndex = 0; path = GitHubApp.app; sourceTree = BUILT_PRODUCTS_DIR; };
		4AFD680B24A5DDDC00668714 /* AppDelegate.swift */ = {isa = PBXFileReference; lastKnownFileType = sourcecode.swift; path = AppDelegate.swift; sourceTree = "<group>"; };
		4AFD680D24A5DDDC00668714 /* SceneDelegate.swift */ = {isa = PBXFileReference; lastKnownFileType = sourcecode.swift; path = SceneDelegate.swift; sourceTree = "<group>"; };
		4AFD681424A5DDE300668714 /* Assets.xcassets */ = {isa = PBXFileReference; lastKnownFileType = folder.assetcatalog; path = Assets.xcassets; sourceTree = "<group>"; };
		4AFD681724A5DDE300668714 /* Base */ = {isa = PBXFileReference; lastKnownFileType = file.storyboard; name = Base; path = Base.lproj/LaunchScreen.storyboard; sourceTree = "<group>"; };
		4AFD681924A5DDE300668714 /* Info.plist */ = {isa = PBXFileReference; lastKnownFileType = text.plist.xml; path = Info.plist; sourceTree = "<group>"; };
		4AFD681E24A5DDE300668714 /* GitHubAppTests.xctest */ = {isa = PBXFileReference; explicitFileType = wrapper.cfbundle; includeInIndex = 0; path = GitHubAppTests.xctest; sourceTree = BUILT_PRODUCTS_DIR; };
		4AFD682424A5DDE300668714 /* Info.plist */ = {isa = PBXFileReference; lastKnownFileType = text.plist.xml; path = Info.plist; sourceTree = "<group>"; };
		4AFD682924A5DDE300668714 /* GitHubAppUITests.xctest */ = {isa = PBXFileReference; explicitFileType = wrapper.cfbundle; includeInIndex = 0; path = GitHubAppUITests.xctest; sourceTree = BUILT_PRODUCTS_DIR; };
		4AFD682F24A5DDE300668714 /* Info.plist */ = {isa = PBXFileReference; lastKnownFileType = text.plist.xml; path = Info.plist; sourceTree = "<group>"; };
		4AFD684124A5E8E600668714 /* CoordinatorType.swift */ = {isa = PBXFileReference; lastKnownFileType = sourcecode.swift; path = CoordinatorType.swift; sourceTree = "<group>"; };
		4AFD684324A5E93A00668714 /* MainCoordinator.swift */ = {isa = PBXFileReference; lastKnownFileType = sourcecode.swift; path = MainCoordinator.swift; sourceTree = "<group>"; };
		4AFD684D24A5F53A00668714 /* UsersViewController.swift */ = {isa = PBXFileReference; lastKnownFileType = sourcecode.swift; path = UsersViewController.swift; sourceTree = "<group>"; };
		4AFD684F24A5F60800668714 /* UsersScreenComposer.swift */ = {isa = PBXFileReference; lastKnownFileType = sourcecode.swift; path = UsersScreenComposer.swift; sourceTree = "<group>"; };
		4AFD685324A607B000668714 /* AppManager.swift */ = {isa = PBXFileReference; lastKnownFileType = sourcecode.swift; path = AppManager.swift; sourceTree = "<group>"; };
		4AFD685524A610A200668714 /* Colors.xcassets */ = {isa = PBXFileReference; lastKnownFileType = folder.assetcatalog; path = Colors.xcassets; sourceTree = "<group>"; };
		4AFD685924A611BC00668714 /* AppColors.swift */ = {isa = PBXFileReference; lastKnownFileType = sourcecode.swift; path = AppColors.swift; sourceTree = "<group>"; };
		4AFD685E24A612F500668714 /* en */ = {isa = PBXFileReference; lastKnownFileType = text.plist.strings; name = en; path = en.lproj/Localizable.strings; sourceTree = "<group>"; };
		4AFD686024A6135B00668714 /* AppStrings.swift */ = {isa = PBXFileReference; lastKnownFileType = sourcecode.swift; path = AppStrings.swift; sourceTree = "<group>"; };
		76B4B3859C2BF2F95B215984 /* Pods-GitHubAppUITests.debug.xcconfig */ = {isa = PBXFileReference; includeInIndex = 1; lastKnownFileType = text.xcconfig; name = "Pods-GitHubAppUITests.debug.xcconfig"; path = "Target Support Files/Pods-GitHubAppUITests/Pods-GitHubAppUITests.debug.xcconfig"; sourceTree = "<group>"; };
		81386D42387610956F40EDBD /* Pods_GitHubApp.framework */ = {isa = PBXFileReference; explicitFileType = wrapper.framework; includeInIndex = 0; path = Pods_GitHubApp.framework; sourceTree = BUILT_PRODUCTS_DIR; };
		C1FAB2F74892E62DBC27E628 /* libPods-GitHubAppTests.a */ = {isa = PBXFileReference; explicitFileType = archive.ar; includeInIndex = 0; path = "libPods-GitHubAppTests.a"; sourceTree = BUILT_PRODUCTS_DIR; };
		C44C82D9B70E964BAC16CDF4 /* Pods-GitHubAppTests.release.xcconfig */ = {isa = PBXFileReference; includeInIndex = 1; lastKnownFileType = text.xcconfig; name = "Pods-GitHubAppTests.release.xcconfig"; path = "Target Support Files/Pods-GitHubAppTests/Pods-GitHubAppTests.release.xcconfig"; sourceTree = "<group>"; };
		F871D0AAC02830924AFCE82B /* Pods-GitHubApp.debug.xcconfig */ = {isa = PBXFileReference; includeInIndex = 1; lastKnownFileType = text.xcconfig; name = "Pods-GitHubApp.debug.xcconfig"; path = "Target Support Files/Pods-GitHubApp/Pods-GitHubApp.debug.xcconfig"; sourceTree = "<group>"; };
		F8E0FA69DDA83D538BB3BE9A /* Pods-GitHubAppTests.debug.xcconfig */ = {isa = PBXFileReference; includeInIndex = 1; lastKnownFileType = text.xcconfig; name = "Pods-GitHubAppTests.debug.xcconfig"; path = "Target Support Files/Pods-GitHubAppTests/Pods-GitHubAppTests.debug.xcconfig"; sourceTree = "<group>"; };
		FF1FFC8F9E6B7D36B5BE81D2 /* Pods-GitHubApp.release.xcconfig */ = {isa = PBXFileReference; includeInIndex = 1; lastKnownFileType = text.xcconfig; name = "Pods-GitHubApp.release.xcconfig"; path = "Target Support Files/Pods-GitHubApp/Pods-GitHubApp.release.xcconfig"; sourceTree = "<group>"; };
/* End PBXFileReference section */

/* Begin PBXFrameworksBuildPhase section */
		4AFD680524A5DDDC00668714 /* Frameworks */ = {
			isa = PBXFrameworksBuildPhase;
			buildActionMask = 2147483647;
			files = (
				4E4607DF72CDFDC4BE655FC7 /* Pods_GitHubApp.framework in Frameworks */,
			);
			runOnlyForDeploymentPostprocessing = 0;
		};
		4AFD681B24A5DDE300668714 /* Frameworks */ = {
			isa = PBXFrameworksBuildPhase;
			buildActionMask = 2147483647;
			files = (
				202E35F04DBF981651F6E772 /* libPods-GitHubAppTests.a in Frameworks */,
			);
			runOnlyForDeploymentPostprocessing = 0;
		};
		4AFD682624A5DDE300668714 /* Frameworks */ = {
			isa = PBXFrameworksBuildPhase;
			buildActionMask = 2147483647;
			files = (
				D0A9F45D80C640813987A9FE /* libPods-GitHubAppUITests.a in Frameworks */,
			);
			runOnlyForDeploymentPostprocessing = 0;
		};
/* End PBXFrameworksBuildPhase section */

/* Begin PBXGroup section */
		1797F44463BDE72FCB0017AF /* Frameworks */ = {
			isa = PBXGroup;
			children = (
				81386D42387610956F40EDBD /* Pods_GitHubApp.framework */,
				C1FAB2F74892E62DBC27E628 /* libPods-GitHubAppTests.a */,
				2FB96F00FE17926FA7549FEC /* libPods-GitHubAppUITests.a */,
			);
			name = Frameworks;
			sourceTree = "<group>";
		};
		4A1B40C424A62CF80048FFF3 /* Utils */ = {
			isa = PBXGroup;
			children = (
				4A76B42324A74C6F00357EE4 /* Base */,
				4A76043624A6745000342D56 /* Service */,
				4A5A608924A64E860016D35A /* Extension */,
				4A1B40C524A62D010048FFF3 /* Protocols */,
			);
			path = Utils;
			sourceTree = "<group>";
		};
		4A1B40C524A62D010048FFF3 /* Protocols */ = {
			isa = PBXGroup;
			children = (
				4A1B40C624A62D160048FFF3 /* Reusable.swift */,
				4A76B41424A6BD9700357EE4 /* InitFromNib.swift */,
			);
			path = Protocols;
			sourceTree = "<group>";
		};
		4A3056AA24A775F700E5B5C4 /* Cache */ = {
			isa = PBXGroup;
			children = (
				4A3056AB24A7763000E5B5C4 /* CacheUsersGateway.swift */,
			);
			path = Cache;
			sourceTree = "<group>";
		};
		4A3F995D24A89ECF0042CE9B /* DataFormatters */ = {
			isa = PBXGroup;
			children = (
				4A3F996124A8A2A40042CE9B /* UserFormatterTests.swift */,
			);
			path = DataFormatters;
			sourceTree = "<group>";
		};
		4A3F995E24A89F2A0042CE9B /* StubbedRespose */ = {
			isa = PBXGroup;
			children = (
				4A3F997524A8B8320042CE9B /* User.json */,
			);
			path = StubbedRespose;
			sourceTree = "<group>";
		};
		4A3F996424A8ABC40042CE9B /* UseCases */ = {
			isa = PBXGroup;
			children = (
				4A3F996724A8ABFA0042CE9B /* UsersUseCaseTests.swift */,
			);
			path = UseCases;
			sourceTree = "<group>";
		};
		4A3F996924A8AC000042CE9B /* Helpers */ = {
			isa = PBXGroup;
			children = (
				4A56650B24B3FA3400613541 /* Factory */,
				4A56650A24B3F88C00613541 /* Gateways */,
			);
			path = Helpers;
			sourceTree = "<group>";
		};
		4A3F996A24A8AC080042CE9B /* Gateways */ = {
			isa = PBXGroup;
			children = (
				4A3F996B24A8AC190042CE9B /* UsersGatewayTests.swift */,
			);
			path = Gateways;
			sourceTree = "<group>";
		};
		4A3F996D24A8AC330042CE9B /* ViewModels */ = {
			isa = PBXGroup;
			children = (
				4A3F996E24A8AC420042CE9B /* UsersViewModelTests.swift */,
			);
			path = ViewModels;
			sourceTree = "<group>";
		};
		4A56650A24B3F88C00613541 /* Gateways */ = {
			isa = PBXGroup;
			children = (
			);
			path = Gateways;
			sourceTree = "<group>";
		};
		4A56650B24B3FA3400613541 /* Factory */ = {
			isa = PBXGroup;
			children = (
				4A56650C24B3FA5A00613541 /* StubbedResponseFactory.swift */,
			);
			path = Factory;
			sourceTree = "<group>";
		};
		4A5A607424A63C7F0016D35A /* Domain */ = {
			isa = PBXGroup;
			children = (
				4A5A607524A63EAF0016D35A /* Entities */,
				4A5A607B24A645D50016D35A /* Gateways */,
				4A5A607824A643CA0016D35A /* UseCases */,
			);
			path = Domain;
			sourceTree = "<group>";
		};
		4A5A607524A63EAF0016D35A /* Entities */ = {
			isa = PBXGroup;
			children = (
				4A5A607624A63F050016D35A /* User.swift */,
			);
			path = Entities;
			sourceTree = "<group>";
		};
		4A5A607824A643CA0016D35A /* UseCases */ = {
			isa = PBXGroup;
			children = (
				4A5A607924A645690016D35A /* GetUsersUseCase.swift */,
				4A76B41624A713F500357EE4 /* GetUserUseCase.swift */,
				4A6263D124A76C0200BB0E23 /* NoteUseCase.swift */,
			);
			path = UseCases;
			sourceTree = "<group>";
		};
		4A5A607B24A645D50016D35A /* Gateways */ = {
			isa = PBXGroup;
			children = (
				4A5A607C24A6461F0016D35A /* GetUsersGateway.swift */,
				4A76B41824A7146500357EE4 /* GetUserGateway.swift */,
				4A6263CF24A76BC200BB0E23 /* NoteGateway.swift */,
			);
			path = Gateways;
			sourceTree = "<group>";
		};
		4A5A607E24A647FB0016D35A /* EntityGateway */ = {
			isa = PBXGroup;
			children = (
				4A5A608024A648DA0016D35A /* Api */,
				4A3056AA24A775F700E5B5C4 /* Cache */,
				4A6263BF24A756C600BB0E23 /* LocalPersistence */,
			);
			path = EntityGateway;
			sourceTree = "<group>";
		};
		4A5A608024A648DA0016D35A /* Api */ = {
			isa = PBXGroup;
			children = (
				4A5A608424A649DF0016D35A /* Gateways */,
				4A5A608124A648E60016D35A /* Entities */,
				4A5A609024A653B40016D35A /* Requests */,
				4A5A608524A64ADA0016D35A /* ApiClient.swift */,
				4A5A608724A64C750016D35A /* ApiResponse.swift */,
				4A5A608E24A64FAA0016D35A /* ApiLogger.swift */,
			);
			path = Api;
			sourceTree = "<group>";
		};
		4A5A608124A648E60016D35A /* Entities */ = {
			isa = PBXGroup;
			children = (
				4A5A608224A649210016D35A /* ApiUser.swift */,
			);
			path = Entities;
			sourceTree = "<group>";
		};
		4A5A608424A649DF0016D35A /* Gateways */ = {
			isa = PBXGroup;
			children = (
				4A5A609524A6582A0016D35A /* UserGateway.swift */,
			);
			path = Gateways;
			sourceTree = "<group>";
		};
		4A5A608924A64E860016D35A /* Extension */ = {
			isa = PBXGroup;
			children = (
				4A5A608A24A64E9D0016D35A /* JSONDecoder+snakeToCamelCase.swift */,
				4A5A608C24A64EE50016D35A /* JSONEncoder+camelToSnakeCase.swift */,
				4A76043C24A67A2700342D56 /* UIView+shimmer.swift */,
				4A76043E24A67B2700342D56 /* UIView+.swift */,
			);
			path = Extension;
			sourceTree = "<group>";
		};
		4A5A609024A653B40016D35A /* Requests */ = {
			isa = PBXGroup;
			children = (
				4A5A609124A653C90016D35A /* GetUsersApiRequest.swift */,
				4A5A609324A654790016D35A /* HTTPMethod.swift */,
				4A76B41A24A714D500357EE4 /* GetUserApiRequest.swift */,
			);
			path = Requests;
			sourceTree = "<group>";
		};
		4A5A609924A6600E0016D35A /* DataFormatters */ = {
			isa = PBXGroup;
			children = (
				4A5A609A24A6601C0016D35A /* UserFormatter.swift */,
			);
			path = DataFormatters;
			sourceTree = "<group>";
		};
		4A6263BF24A756C600BB0E23 /* LocalPersistence */ = {
			isa = PBXGroup;
			children = (
				4A6263C324A7591E00BB0E23 /* Gateways */,
				4A6263C024A756FE00BB0E23 /* Entities */,
				4A6263C424A7596100BB0E23 /* GitHubApp.xcdatamodeld */,
				4A6263C724A75CF900BB0E23 /* CoreDataStack.swift */,
			);
			path = LocalPersistence;
			sourceTree = "<group>";
		};
		4A6263C024A756FE00BB0E23 /* Entities */ = {
			isa = PBXGroup;
			children = (
				4A6263D824A7710500BB0E23 /* CDNote.swift */,
				4A6263D624A7710500BB0E23 /* CDUser.swift */,
			);
			path = Entities;
			sourceTree = "<group>";
		};
		4A6263C324A7591E00BB0E23 /* Gateways */ = {
			isa = PBXGroup;
			children = (
				4A3056A824A773CE00E5B5C4 /* LocalPersistenceUserGateway.swift */,
			);
			path = Gateways;
			sourceTree = "<group>";
		};
		4A76043624A6745000342D56 /* Service */ = {
			isa = PBXGroup;
			children = (
				4A76043724A6745500342D56 /* ImageLoader */,
				4A3F995924A7E5A60042CE9B /* Reachability.swift */,
			);
			path = Service;
			sourceTree = "<group>";
		};
		4A76043724A6745500342D56 /* ImageLoader */ = {
			isa = PBXGroup;
			children = (
				4A76043824A6746800342D56 /* ImageCache.swift */,
				4A76043A24A6758600342D56 /* ImageLoader.swift */,
			);
			path = ImageLoader;
			sourceTree = "<group>";
		};
		4A76044224A6B87500342D56 /* Application */ = {
			isa = PBXGroup;
			children = (
				4AFD680B24A5DDDC00668714 /* AppDelegate.swift */,
				4AFD680D24A5DDDC00668714 /* SceneDelegate.swift */,
				4AFD685924A611BC00668714 /* AppColors.swift */,
				4AFD686024A6135B00668714 /* AppStrings.swift */,
				4A3F995B24A7E9F70042CE9B /* AppNotificationName.swift */,
			);
			path = Application;
			sourceTree = "<group>";
		};
		4A76B40D24A6B96A00357EE4 /* UserDetail */ = {
			isa = PBXGroup;
			children = (
				4A76B41E24A735AB00357EE4 /* ShimmerView */,
				4A76B41224A6BC6E00357EE4 /* UserDetailCompoer.swift */,
				4A76B40E24A6B98800357EE4 /* UserDetailViewController.swift */,
				4A76B41024A6BA3600357EE4 /* UserDetailViewController.xib */,
				4A76B41C24A716FA00357EE4 /* UserDetailViewModel.swift */,
			);
			path = UserDetail;
			sourceTree = "<group>";
		};
		4A76B41E24A735AB00357EE4 /* ShimmerView */ = {
			isa = PBXGroup;
			children = (
				4A76B41F24A735DC00357EE4 /* UserDetailShimmerView.swift */,
				4A76B42124A735EF00357EE4 /* UserDetailShimmerView.xib */,
			);
			path = ShimmerView;
			sourceTree = "<group>";
		};
		4A76B42324A74C6F00357EE4 /* Base */ = {
			isa = PBXGroup;
			children = (
				4A76B42424A74C7D00357EE4 /* BaseViewController.swift */,
			);
			path = Base;
			sourceTree = "<group>";
		};
		4AFD67FF24A5DDDC00668714 = {
			isa = PBXGroup;
			children = (
				4AFD680A24A5DDDC00668714 /* GitHubApp */,
				4AFD682124A5DDE300668714 /* GitHubAppTests */,
				4AFD682C24A5DDE300668714 /* GitHubAppUITests */,
				4AFD680924A5DDDC00668714 /* Products */,
				F45462454E57FD7AA57A488E /* Pods */,
				1797F44463BDE72FCB0017AF /* Frameworks */,
			);
			sourceTree = "<group>";
		};
		4AFD680924A5DDDC00668714 /* Products */ = {
			isa = PBXGroup;
			children = (
				4AFD680824A5DDDC00668714 /* GitHubApp.app */,
				4AFD681E24A5DDE300668714 /* GitHubAppTests.xctest */,
				4AFD682924A5DDE300668714 /* GitHubAppUITests.xctest */,
			);
			name = Products;
			sourceTree = "<group>";
		};
		4AFD680A24A5DDDC00668714 /* GitHubApp */ = {
			isa = PBXGroup;
			children = (
				4AFD683B24A5DEF000668714 /* App */,
				4A5A607424A63C7F0016D35A /* Domain */,
				4A5A607E24A647FB0016D35A /* EntityGateway */,
				4AFD683C24A5DEF800668714 /* Resources */,
				4AFD683D24A5DF0200668714 /* SupportingFiles */,
				4A1B40C424A62CF80048FFF3 /* Utils */,
			);
			path = GitHubApp;
			sourceTree = "<group>";
		};
		4AFD682124A5DDE300668714 /* GitHubAppTests */ = {
			isa = PBXGroup;
			children = (
				4A3F996D24A8AC330042CE9B /* ViewModels */,
				4A3F996A24A8AC080042CE9B /* Gateways */,
				4A3F996924A8AC000042CE9B /* Helpers */,
				4A3F996424A8ABC40042CE9B /* UseCases */,
				4A3F995E24A89F2A0042CE9B /* StubbedRespose */,
				4A3F995D24A89ECF0042CE9B /* DataFormatters */,
				4AFD682424A5DDE300668714 /* Info.plist */,
			);
			path = GitHubAppTests;
			sourceTree = "<group>";
		};
		4AFD682C24A5DDE300668714 /* GitHubAppUITests */ = {
			isa = PBXGroup;
			children = (
				4AFD682F24A5DDE300668714 /* Info.plist */,
				4A5BDF5224AA345900AEE822 /* GitHubAppUITests.swift */,
			);
			path = GitHubAppUITests;
			sourceTree = "<group>";
		};
		4AFD683B24A5DEF000668714 /* App */ = {
			isa = PBXGroup;
			children = (
				4A76044224A6B87500342D56 /* Application */,
				4A5A609924A6600E0016D35A /* DataFormatters */,
				4AFD685224A607A500668714 /* Managers */,
				4AFD683F24A5E33200668714 /* Coordinators */,
				4AFD683E24A5E24800668714 /* Screens */,
				4A5A607224A6394C0016D35A /* PreviewView.swift */,
			);
			path = App;
			sourceTree = "<group>";
		};
		4AFD683C24A5DEF800668714 /* Resources */ = {
			isa = PBXGroup;
			children = (
				4AFD681424A5DDE300668714 /* Assets.xcassets */,
				4AFD685524A610A200668714 /* Colors.xcassets */,
				4AFD685F24A612F500668714 /* Localizable.strings */,
			);
			path = Resources;
			sourceTree = "<group>";
		};
		4AFD683D24A5DF0200668714 /* SupportingFiles */ = {
			isa = PBXGroup;
			children = (
				4AFD681924A5DDE300668714 /* Info.plist */,
			);
			path = SupportingFiles;
			sourceTree = "<group>";
		};
		4AFD683E24A5E24800668714 /* Screens */ = {
			isa = PBXGroup;
			children = (
				4AFD685124A604AF00668714 /* Launch */,
				4A76B40D24A6B96A00357EE4 /* UserDetail */,
				4AFD684C24A5F52400668714 /* Users */,
			);
			path = Screens;
			sourceTree = "<group>";
		};
		4AFD683F24A5E33200668714 /* Coordinators */ = {
			isa = PBXGroup;
			children = (
				4AFD684124A5E8E600668714 /* CoordinatorType.swift */,
				4AFD684324A5E93A00668714 /* MainCoordinator.swift */,
			);
			path = Coordinators;
			sourceTree = "<group>";
		};
		4AFD684C24A5F52400668714 /* Users */ = {
			isa = PBXGroup;
			children = (
				4AFD686224A6242B00668714 /* UserTable */,
				4AFD684D24A5F53A00668714 /* UsersViewController.swift */,
				4AFD684F24A5F60800668714 /* UsersScreenComposer.swift */,
				4A5A609724A65AFA0016D35A /* UsersViewModel.swift */,
				4A76044024A6A74F00342D56 /* UsersShimmerView.swift */,
			);
			path = Users;
			sourceTree = "<group>";
		};
		4AFD685124A604AF00668714 /* Launch */ = {
			isa = PBXGroup;
			children = (
				4AFD681624A5DDE300668714 /* LaunchScreen.storyboard */,
			);
			path = Launch;
			sourceTree = "<group>";
		};
		4AFD685224A607A500668714 /* Managers */ = {
			isa = PBXGroup;
			children = (
				4AFD685324A607B000668714 /* AppManager.swift */,
			);
			path = Managers;
			sourceTree = "<group>";
		};
		4AFD686224A6242B00668714 /* UserTable */ = {
			isa = PBXGroup;
			children = (
				4A1B40C824A62E0A0048FFF3 /* UserTableDataSource.swift */,
				4A57635224A9DCBF0020832C /* UserCell.swift */,
				4A57635424A9DDBE0020832C /* UserDataModel.swift */,
				4A57635624A9E3270020832C /* UserCellViewModel.swift */,
				4A57635824A9EAC70020832C /* UserNormalTableViewCell.swift */,
				4A57635A24A9EE2D0020832C /* UserInvertedTableViewCell.swift */,
				4A57635C24A9F19C0020832C /* UserNoteTableViewCell.swift */,
				4A57635E24A9F2B40020832C /* UserNoteInvertedTableViewCell.swift */,
			);
			path = UserTable;
			sourceTree = "<group>";
		};
		F45462454E57FD7AA57A488E /* Pods */ = {
			isa = PBXGroup;
			children = (
				F871D0AAC02830924AFCE82B /* Pods-GitHubApp.debug.xcconfig */,
				FF1FFC8F9E6B7D36B5BE81D2 /* Pods-GitHubApp.release.xcconfig */,
				F8E0FA69DDA83D538BB3BE9A /* Pods-GitHubAppTests.debug.xcconfig */,
				C44C82D9B70E964BAC16CDF4 /* Pods-GitHubAppTests.release.xcconfig */,
				76B4B3859C2BF2F95B215984 /* Pods-GitHubAppUITests.debug.xcconfig */,
				3263E87CA05DEB1419F2E480 /* Pods-GitHubAppUITests.release.xcconfig */,
			);
			path = Pods;
			sourceTree = "<group>";
		};
/* End PBXGroup section */

/* Begin PBXNativeTarget section */
		4AFD680724A5DDDC00668714 /* GitHubApp */ = {
			isa = PBXNativeTarget;
			buildConfigurationList = 4AFD683224A5DDE300668714 /* Build configuration list for PBXNativeTarget "GitHubApp" */;
			buildPhases = (
				82E11795FC08C57B1CEA45A9 /* [CP] Check Pods Manifest.lock */,
				4AFD680424A5DDDC00668714 /* Sources */,
				4AFD680524A5DDDC00668714 /* Frameworks */,
				4AFD680624A5DDDC00668714 /* Resources */,
				F84F1D9B8F777C816E91EF87 /* [CP] Embed Pods Frameworks */,
			);
			buildRules = (
			);
			dependencies = (
			);
			name = GitHubApp;
			productName = GitHubApp;
			productReference = 4AFD680824A5DDDC00668714 /* GitHubApp.app */;
			productType = "com.apple.product-type.application";
		};
		4AFD681D24A5DDE300668714 /* GitHubAppTests */ = {
			isa = PBXNativeTarget;
			buildConfigurationList = 4AFD683524A5DDE300668714 /* Build configuration list for PBXNativeTarget "GitHubAppTests" */;
			buildPhases = (
				9D33F47DEEEDC65DB98CA1AA /* [CP] Check Pods Manifest.lock */,
				4AFD681A24A5DDE300668714 /* Sources */,
				4AFD681B24A5DDE300668714 /* Frameworks */,
				4AFD681C24A5DDE300668714 /* Resources */,
			);
			buildRules = (
			);
			dependencies = (
				4AFD682024A5DDE300668714 /* PBXTargetDependency */,
			);
			name = GitHubAppTests;
			productName = GitHubAppTests;
			productReference = 4AFD681E24A5DDE300668714 /* GitHubAppTests.xctest */;
			productType = "com.apple.product-type.bundle.unit-test";
		};
		4AFD682824A5DDE300668714 /* GitHubAppUITests */ = {
			isa = PBXNativeTarget;
			buildConfigurationList = 4AFD683824A5DDE300668714 /* Build configuration list for PBXNativeTarget "GitHubAppUITests" */;
			buildPhases = (
				33AA4CFDE1BCC3674606B89D /* [CP] Check Pods Manifest.lock */,
				4AFD682524A5DDE300668714 /* Sources */,
				4AFD682624A5DDE300668714 /* Frameworks */,
				4AFD682724A5DDE300668714 /* Resources */,
			);
			buildRules = (
			);
			dependencies = (
				4AFD682B24A5DDE300668714 /* PBXTargetDependency */,
			);
			name = GitHubAppUITests;
			productName = GitHubAppUITests;
			productReference = 4AFD682924A5DDE300668714 /* GitHubAppUITests.xctest */;
			productType = "com.apple.product-type.bundle.ui-testing";
		};
/* End PBXNativeTarget section */

/* Begin PBXProject section */
		4AFD680024A5DDDC00668714 /* Project object */ = {
			isa = PBXProject;
			attributes = {
				LastSwiftUpdateCheck = 1150;
				LastUpgradeCheck = 1150;
				ORGANIZATIONNAME = "JohnRoque Inc";
				TargetAttributes = {
					4AFD680724A5DDDC00668714 = {
						CreatedOnToolsVersion = 11.5;
					};
					4AFD681D24A5DDE300668714 = {
						CreatedOnToolsVersion = 11.5;
						TestTargetID = 4AFD680724A5DDDC00668714;
					};
					4AFD682824A5DDE300668714 = {
						CreatedOnToolsVersion = 11.5;
						LastSwiftMigration = 1150;
						TestTargetID = 4AFD680724A5DDDC00668714;
					};
				};
			};
			buildConfigurationList = 4AFD680324A5DDDC00668714 /* Build configuration list for PBXProject "GitHubApp" */;
			compatibilityVersion = "Xcode 9.3";
			developmentRegion = en;
			hasScannedForEncodings = 0;
			knownRegions = (
				en,
				Base,
			);
			mainGroup = 4AFD67FF24A5DDDC00668714;
			productRefGroup = 4AFD680924A5DDDC00668714 /* Products */;
			projectDirPath = "";
			projectRoot = "";
			targets = (
				4AFD680724A5DDDC00668714 /* GitHubApp */,
				4AFD681D24A5DDE300668714 /* GitHubAppTests */,
				4AFD682824A5DDE300668714 /* GitHubAppUITests */,
			);
		};
/* End PBXProject section */

/* Begin PBXResourcesBuildPhase section */
		4AFD680624A5DDDC00668714 /* Resources */ = {
			isa = PBXResourcesBuildPhase;
			buildActionMask = 2147483647;
			files = (
				4AFD685624A610A200668714 /* Colors.xcassets in Resources */,
				4A76B41124A6BA3600357EE4 /* UserDetailViewController.xib in Resources */,
				4A76B42224A735EF00357EE4 /* UserDetailShimmerView.xib in Resources */,
				4AFD685D24A612F500668714 /* Localizable.strings in Resources */,
				4AFD681824A5DDE300668714 /* LaunchScreen.storyboard in Resources */,
				4AFD681524A5DDE300668714 /* Assets.xcassets in Resources */,
				4A3F997624A8B8320042CE9B /* User.json in Resources */,
			);
			runOnlyForDeploymentPostprocessing = 0;
		};
		4AFD681C24A5DDE300668714 /* Resources */ = {
			isa = PBXResourcesBuildPhase;
			buildActionMask = 2147483647;
			files = (
				4A3F997724A8B8320042CE9B /* User.json in Resources */,
			);
			runOnlyForDeploymentPostprocessing = 0;
		};
		4AFD682724A5DDE300668714 /* Resources */ = {
			isa = PBXResourcesBuildPhase;
			buildActionMask = 2147483647;
			files = (
			);
			runOnlyForDeploymentPostprocessing = 0;
		};
/* End PBXResourcesBuildPhase section */

/* Begin PBXShellScriptBuildPhase section */
		33AA4CFDE1BCC3674606B89D /* [CP] Check Pods Manifest.lock */ = {
			isa = PBXShellScriptBuildPhase;
			buildActionMask = 2147483647;
			files = (
			);
			inputFileListPaths = (
			);
			inputPaths = (
				"${PODS_PODFILE_DIR_PATH}/Podfile.lock",
				"${PODS_ROOT}/Manifest.lock",
			);
			name = "[CP] Check Pods Manifest.lock";
			outputFileListPaths = (
			);
			outputPaths = (
				"$(DERIVED_FILE_DIR)/Pods-GitHubAppUITests-checkManifestLockResult.txt",
			);
			runOnlyForDeploymentPostprocessing = 0;
			shellPath = /bin/sh;
			shellScript = "diff \"${PODS_PODFILE_DIR_PATH}/Podfile.lock\" \"${PODS_ROOT}/Manifest.lock\" > /dev/null\nif [ $? != 0 ] ; then\n    # print error to STDERR\n    echo \"error: The sandbox is not in sync with the Podfile.lock. Run 'pod install' or update your CocoaPods installation.\" >&2\n    exit 1\nfi\n# This output is used by Xcode 'outputs' to avoid re-running this script phase.\necho \"SUCCESS\" > \"${SCRIPT_OUTPUT_FILE_0}\"\n";
			showEnvVarsInLog = 0;
		};
		82E11795FC08C57B1CEA45A9 /* [CP] Check Pods Manifest.lock */ = {
			isa = PBXShellScriptBuildPhase;
			buildActionMask = 2147483647;
			files = (
			);
			inputFileListPaths = (
			);
			inputPaths = (
				"${PODS_PODFILE_DIR_PATH}/Podfile.lock",
				"${PODS_ROOT}/Manifest.lock",
			);
			name = "[CP] Check Pods Manifest.lock";
			outputFileListPaths = (
			);
			outputPaths = (
				"$(DERIVED_FILE_DIR)/Pods-GitHubApp-checkManifestLockResult.txt",
			);
			runOnlyForDeploymentPostprocessing = 0;
			shellPath = /bin/sh;
			shellScript = "diff \"${PODS_PODFILE_DIR_PATH}/Podfile.lock\" \"${PODS_ROOT}/Manifest.lock\" > /dev/null\nif [ $? != 0 ] ; then\n    # print error to STDERR\n    echo \"error: The sandbox is not in sync with the Podfile.lock. Run 'pod install' or update your CocoaPods installation.\" >&2\n    exit 1\nfi\n# This output is used by Xcode 'outputs' to avoid re-running this script phase.\necho \"SUCCESS\" > \"${SCRIPT_OUTPUT_FILE_0}\"\n";
			showEnvVarsInLog = 0;
		};
		9D33F47DEEEDC65DB98CA1AA /* [CP] Check Pods Manifest.lock */ = {
			isa = PBXShellScriptBuildPhase;
			buildActionMask = 2147483647;
			files = (
			);
			inputFileListPaths = (
			);
			inputPaths = (
				"${PODS_PODFILE_DIR_PATH}/Podfile.lock",
				"${PODS_ROOT}/Manifest.lock",
			);
			name = "[CP] Check Pods Manifest.lock";
			outputFileListPaths = (
			);
			outputPaths = (
				"$(DERIVED_FILE_DIR)/Pods-GitHubAppTests-checkManifestLockResult.txt",
			);
			runOnlyForDeploymentPostprocessing = 0;
			shellPath = /bin/sh;
			shellScript = "diff \"${PODS_PODFILE_DIR_PATH}/Podfile.lock\" \"${PODS_ROOT}/Manifest.lock\" > /dev/null\nif [ $? != 0 ] ; then\n    # print error to STDERR\n    echo \"error: The sandbox is not in sync with the Podfile.lock. Run 'pod install' or update your CocoaPods installation.\" >&2\n    exit 1\nfi\n# This output is used by Xcode 'outputs' to avoid re-running this script phase.\necho \"SUCCESS\" > \"${SCRIPT_OUTPUT_FILE_0}\"\n";
			showEnvVarsInLog = 0;
		};
		F84F1D9B8F777C816E91EF87 /* [CP] Embed Pods Frameworks */ = {
			isa = PBXShellScriptBuildPhase;
			buildActionMask = 2147483647;
			files = (
			);
			inputFileListPaths = (
				"${PODS_ROOT}/Target Support Files/Pods-GitHubApp/Pods-GitHubApp-frameworks-${CONFIGURATION}-input-files.xcfilelist",
			);
			name = "[CP] Embed Pods Frameworks";
			outputFileListPaths = (
				"${PODS_ROOT}/Target Support Files/Pods-GitHubApp/Pods-GitHubApp-frameworks-${CONFIGURATION}-output-files.xcfilelist",
			);
			runOnlyForDeploymentPostprocessing = 0;
			shellPath = /bin/sh;
			shellScript = "\"${PODS_ROOT}/Target Support Files/Pods-GitHubApp/Pods-GitHubApp-frameworks.sh\"\n";
			showEnvVarsInLog = 0;
		};
/* End PBXShellScriptBuildPhase section */

/* Begin PBXSourcesBuildPhase section */
		4AFD680424A5DDDC00668714 /* Sources */ = {
			isa = PBXSourcesBuildPhase;
			buildActionMask = 2147483647;
			files = (
				4A5A607324A6394C0016D35A /* PreviewView.swift in Sources */,
				4A5A609824A65AFA0016D35A /* UsersViewModel.swift in Sources */,
				4AFD686124A6135B00668714 /* AppStrings.swift in Sources */,
				4A76043B24A6758600342D56 /* ImageLoader.swift in Sources */,
				4A5A609224A653C90016D35A /* GetUsersApiRequest.swift in Sources */,
				4AFD685424A607B000668714 /* AppManager.swift in Sources */,
				4A76043D24A67A2700342D56 /* UIView+shimmer.swift in Sources */,
				4A1B40C924A62E0A0048FFF3 /* UserTableDataSource.swift in Sources */,
				4A5A607D24A6461F0016D35A /* GetUsersGateway.swift in Sources */,
				4A76B42524A74C7D00357EE4 /* BaseViewController.swift in Sources */,
				4A6263DC24A7710500BB0E23 /* CDNote.swift in Sources */,
				4AFD684E24A5F53A00668714 /* UsersViewController.swift in Sources */,
				4A5A608D24A64EE50016D35A /* JSONEncoder+camelToSnakeCase.swift in Sources */,
				4A76B41724A713F500357EE4 /* GetUserUseCase.swift in Sources */,
				4A76B41D24A716FA00357EE4 /* UserDetailViewModel.swift in Sources */,
				4A1B40C724A62D160048FFF3 /* Reusable.swift in Sources */,
				4A57635724A9E3270020832C /* UserCellViewModel.swift in Sources */,
				4A5A607724A63F050016D35A /* User.swift in Sources */,
				4AFD680C24A5DDDC00668714 /* AppDelegate.swift in Sources */,
				4A76B42024A735DC00357EE4 /* UserDetailShimmerView.swift in Sources */,
				4A57635F24A9F2B40020832C /* UserNoteInvertedTableViewCell.swift in Sources */,
				4A5A608824A64C750016D35A /* ApiResponse.swift in Sources */,
				4A3F995C24A7E9F70042CE9B /* AppNotificationName.swift in Sources */,
				4A6263C624A7596100BB0E23 /* GitHubApp.xcdatamodeld in Sources */,
				4A76043F24A67B2700342D56 /* UIView+.swift in Sources */,
				4A57635524A9DDBE0020832C /* UserDataModel.swift in Sources */,
				4AFD685024A5F60800668714 /* UsersScreenComposer.swift in Sources */,
				4A5A608624A64ADA0016D35A /* ApiClient.swift in Sources */,
				4A76044124A6A74F00342D56 /* UsersShimmerView.swift in Sources */,
				4AFD684224A5E8E600668714 /* CoordinatorType.swift in Sources */,
				4A57635324A9DCBF0020832C /* UserCell.swift in Sources */,
				4A3056AC24A7763000E5B5C4 /* CacheUsersGateway.swift in Sources */,
				4A57635924A9EAC70020832C /* UserNormalTableViewCell.swift in Sources */,
				4A76B41524A6BD9700357EE4 /* InitFromNib.swift in Sources */,
				4A76B41324A6BC6E00357EE4 /* UserDetailCompoer.swift in Sources */,
				4A5A607A24A645690016D35A /* GetUsersUseCase.swift in Sources */,
				4A5A609624A6582A0016D35A /* UserGateway.swift in Sources */,
				4A57635B24A9EE2D0020832C /* UserInvertedTableViewCell.swift in Sources */,
				4A5A608B24A64E9D0016D35A /* JSONDecoder+snakeToCamelCase.swift in Sources */,
				4AFD685A24A611BC00668714 /* AppColors.swift in Sources */,
				4A6263DA24A7710500BB0E23 /* CDUser.swift in Sources */,
				4A76B41924A7146500357EE4 /* GetUserGateway.swift in Sources */,
				4AFD684424A5E93A00668714 /* MainCoordinator.swift in Sources */,
				4A57635D24A9F19C0020832C /* UserNoteTableViewCell.swift in Sources */,
				4A76B41B24A714D500357EE4 /* GetUserApiRequest.swift in Sources */,
				4A5A609424A654790016D35A /* HTTPMethod.swift in Sources */,
				4A6263D224A76C0200BB0E23 /* NoteUseCase.swift in Sources */,
				4A3056A924A773CE00E5B5C4 /* LocalPersistenceUserGateway.swift in Sources */,
				4AFD680E24A5DDDC00668714 /* SceneDelegate.swift in Sources */,
				4A5A608F24A64FAA0016D35A /* ApiLogger.swift in Sources */,
				4A5A609B24A6601C0016D35A /* UserFormatter.swift in Sources */,
				4A6263C824A75CF900BB0E23 /* CoreDataStack.swift in Sources */,
				4A76043924A6746800342D56 /* ImageCache.swift in Sources */,
				4A5A608324A649210016D35A /* ApiUser.swift in Sources */,
				4A76B40F24A6B98800357EE4 /* UserDetailViewController.swift in Sources */,
				4A3F995A24A7E5A60042CE9B /* Reachability.swift in Sources */,
				4A6263D024A76BC200BB0E23 /* NoteGateway.swift in Sources */,
			);
			runOnlyForDeploymentPostprocessing = 0;
		};
		4AFD681A24A5DDE300668714 /* Sources */ = {
			isa = PBXSourcesBuildPhase;
			buildActionMask = 2147483647;
			files = (
				4A3F996C24A8AC190042CE9B /* UsersGatewayTests.swift in Sources */,
				4A3F996224A8A2A40042CE9B /* UserFormatterTests.swift in Sources */,
				4A56650D24B3FA5A00613541 /* StubbedResponseFactory.swift in Sources */,
				4A3F996824A8ABFA0042CE9B /* UsersUseCaseTests.swift in Sources */,
				4A3F996F24A8AC420042CE9B /* UsersViewModelTests.swift in Sources */,
			);
			runOnlyForDeploymentPostprocessing = 0;
		};
		4AFD682524A5DDE300668714 /* Sources */ = {
			isa = PBXSourcesBuildPhase;
			buildActionMask = 2147483647;
			files = (
				4A5BDF5324AA345900AEE822 /* GitHubAppUITests.swift in Sources */,
			);
			runOnlyForDeploymentPostprocessing = 0;
		};
/* End PBXSourcesBuildPhase section */

/* Begin PBXTargetDependency section */
		4AFD682024A5DDE300668714 /* PBXTargetDependency */ = {
			isa = PBXTargetDependency;
			target = 4AFD680724A5DDDC00668714 /* GitHubApp */;
			targetProxy = 4AFD681F24A5DDE300668714 /* PBXContainerItemProxy */;
		};
		4AFD682B24A5DDE300668714 /* PBXTargetDependency */ = {
			isa = PBXTargetDependency;
			target = 4AFD680724A5DDDC00668714 /* GitHubApp */;
			targetProxy = 4AFD682A24A5DDE300668714 /* PBXContainerItemProxy */;
		};
/* End PBXTargetDependency section */

/* Begin PBXVariantGroup section */
		4AFD681624A5DDE300668714 /* LaunchScreen.storyboard */ = {
			isa = PBXVariantGroup;
			children = (
				4AFD681724A5DDE300668714 /* Base */,
			);
			name = LaunchScreen.storyboard;
			sourceTree = "<group>";
		};
		4AFD685F24A612F500668714 /* Localizable.strings */ = {
			isa = PBXVariantGroup;
			children = (
				4AFD685E24A612F500668714 /* en */,
			);
			name = Localizable.strings;
			sourceTree = "<group>";
		};
/* End PBXVariantGroup section */

/* Begin XCBuildConfiguration section */
		4AFD683024A5DDE300668714 /* Debug */ = {
			isa = XCBuildConfiguration;
			buildSettings = {
				ALWAYS_SEARCH_USER_PATHS = NO;
				CLANG_ANALYZER_NONNULL = YES;
				CLANG_ANALYZER_NUMBER_OBJECT_CONVERSION = YES_AGGRESSIVE;
				CLANG_CXX_LANGUAGE_STANDARD = "gnu++14";
				CLANG_CXX_LIBRARY = "libc++";
				CLANG_ENABLE_MODULES = YES;
				CLANG_ENABLE_OBJC_ARC = YES;
				CLANG_ENABLE_OBJC_WEAK = YES;
				CLANG_WARN_BLOCK_CAPTURE_AUTORELEASING = YES;
				CLANG_WARN_BOOL_CONVERSION = YES;
				CLANG_WARN_COMMA = YES;
				CLANG_WARN_CONSTANT_CONVERSION = YES;
				CLANG_WARN_DEPRECATED_OBJC_IMPLEMENTATIONS = YES;
				CLANG_WARN_DIRECT_OBJC_ISA_USAGE = YES_ERROR;
				CLANG_WARN_DOCUMENTATION_COMMENTS = YES;
				CLANG_WARN_EMPTY_BODY = YES;
				CLANG_WARN_ENUM_CONVERSION = YES;
				CLANG_WARN_INFINITE_RECURSION = YES;
				CLANG_WARN_INT_CONVERSION = YES;
				CLANG_WARN_NON_LITERAL_NULL_CONVERSION = YES;
				CLANG_WARN_OBJC_IMPLICIT_RETAIN_SELF = YES;
				CLANG_WARN_OBJC_LITERAL_CONVERSION = YES;
				CLANG_WARN_OBJC_ROOT_CLASS = YES_ERROR;
				CLANG_WARN_RANGE_LOOP_ANALYSIS = YES;
				CLANG_WARN_STRICT_PROTOTYPES = YES;
				CLANG_WARN_SUSPICIOUS_MOVE = YES;
				CLANG_WARN_UNGUARDED_AVAILABILITY = YES_AGGRESSIVE;
				CLANG_WARN_UNREACHABLE_CODE = YES;
				CLANG_WARN__DUPLICATE_METHOD_MATCH = YES;
				COPY_PHASE_STRIP = NO;
				DEBUG_INFORMATION_FORMAT = dwarf;
				ENABLE_STRICT_OBJC_MSGSEND = YES;
				ENABLE_TESTABILITY = YES;
				GCC_C_LANGUAGE_STANDARD = gnu11;
				GCC_DYNAMIC_NO_PIC = NO;
				GCC_NO_COMMON_BLOCKS = YES;
				GCC_OPTIMIZATION_LEVEL = 0;
				GCC_PREPROCESSOR_DEFINITIONS = (
					"DEBUG=1",
					"$(inherited)",
				);
				GCC_WARN_64_TO_32_BIT_CONVERSION = YES;
				GCC_WARN_ABOUT_RETURN_TYPE = YES_ERROR;
				GCC_WARN_UNDECLARED_SELECTOR = YES;
				GCC_WARN_UNINITIALIZED_AUTOS = YES_AGGRESSIVE;
				GCC_WARN_UNUSED_FUNCTION = YES;
				GCC_WARN_UNUSED_VARIABLE = YES;
				IPHONEOS_DEPLOYMENT_TARGET = 13.5;
				MTL_ENABLE_DEBUG_INFO = INCLUDE_SOURCE;
				MTL_FAST_MATH = YES;
				ONLY_ACTIVE_ARCH = YES;
				SDKROOT = iphoneos;
				SWIFT_ACTIVE_COMPILATION_CONDITIONS = DEBUG;
				SWIFT_OPTIMIZATION_LEVEL = "-Onone";
			};
			name = Debug;
		};
		4AFD683124A5DDE300668714 /* Release */ = {
			isa = XCBuildConfiguration;
			buildSettings = {
				ALWAYS_SEARCH_USER_PATHS = NO;
				CLANG_ANALYZER_NONNULL = YES;
				CLANG_ANALYZER_NUMBER_OBJECT_CONVERSION = YES_AGGRESSIVE;
				CLANG_CXX_LANGUAGE_STANDARD = "gnu++14";
				CLANG_CXX_LIBRARY = "libc++";
				CLANG_ENABLE_MODULES = YES;
				CLANG_ENABLE_OBJC_ARC = YES;
				CLANG_ENABLE_OBJC_WEAK = YES;
				CLANG_WARN_BLOCK_CAPTURE_AUTORELEASING = YES;
				CLANG_WARN_BOOL_CONVERSION = YES;
				CLANG_WARN_COMMA = YES;
				CLANG_WARN_CONSTANT_CONVERSION = YES;
				CLANG_WARN_DEPRECATED_OBJC_IMPLEMENTATIONS = YES;
				CLANG_WARN_DIRECT_OBJC_ISA_USAGE = YES_ERROR;
				CLANG_WARN_DOCUMENTATION_COMMENTS = YES;
				CLANG_WARN_EMPTY_BODY = YES;
				CLANG_WARN_ENUM_CONVERSION = YES;
				CLANG_WARN_INFINITE_RECURSION = YES;
				CLANG_WARN_INT_CONVERSION = YES;
				CLANG_WARN_NON_LITERAL_NULL_CONVERSION = YES;
				CLANG_WARN_OBJC_IMPLICIT_RETAIN_SELF = YES;
				CLANG_WARN_OBJC_LITERAL_CONVERSION = YES;
				CLANG_WARN_OBJC_ROOT_CLASS = YES_ERROR;
				CLANG_WARN_RANGE_LOOP_ANALYSIS = YES;
				CLANG_WARN_STRICT_PROTOTYPES = YES;
				CLANG_WARN_SUSPICIOUS_MOVE = YES;
				CLANG_WARN_UNGUARDED_AVAILABILITY = YES_AGGRESSIVE;
				CLANG_WARN_UNREACHABLE_CODE = YES;
				CLANG_WARN__DUPLICATE_METHOD_MATCH = YES;
				COPY_PHASE_STRIP = NO;
				DEBUG_INFORMATION_FORMAT = "dwarf-with-dsym";
				ENABLE_NS_ASSERTIONS = NO;
				ENABLE_STRICT_OBJC_MSGSEND = YES;
				GCC_C_LANGUAGE_STANDARD = gnu11;
				GCC_NO_COMMON_BLOCKS = YES;
				GCC_WARN_64_TO_32_BIT_CONVERSION = YES;
				GCC_WARN_ABOUT_RETURN_TYPE = YES_ERROR;
				GCC_WARN_UNDECLARED_SELECTOR = YES;
				GCC_WARN_UNINITIALIZED_AUTOS = YES_AGGRESSIVE;
				GCC_WARN_UNUSED_FUNCTION = YES;
				GCC_WARN_UNUSED_VARIABLE = YES;
				IPHONEOS_DEPLOYMENT_TARGET = 13.5;
				MTL_ENABLE_DEBUG_INFO = NO;
				MTL_FAST_MATH = YES;
				SDKROOT = iphoneos;
				SWIFT_COMPILATION_MODE = wholemodule;
				SWIFT_OPTIMIZATION_LEVEL = "-O";
				VALIDATE_PRODUCT = YES;
			};
			name = Release;
		};
		4AFD683324A5DDE300668714 /* Debug */ = {
			isa = XCBuildConfiguration;
			baseConfigurationReference = F871D0AAC02830924AFCE82B /* Pods-GitHubApp.debug.xcconfig */;
			buildSettings = {
				ASSETCATALOG_COMPILER_APPICON_NAME = AppIcon;
				CODE_SIGN_STYLE = Automatic;
				DEVELOPMENT_TEAM = DNZ5Z4EKKR;
				INFOPLIST_FILE = GitHubApp/SupportingFiles/Info.plist;
				LD_RUNPATH_SEARCH_PATHS = (
					"$(inherited)",
					"@executable_path/Frameworks",
				);
				OTHER_CODE_SIGN_FLAGS = "";
				PRODUCT_BUNDLE_IDENTIFIER = com.johnroque.GitHubApp;
				PRODUCT_NAME = "$(TARGET_NAME)";
				SWIFT_VERSION = 5.0;
				TARGETED_DEVICE_FAMILY = 1;
			};
			name = Debug;
		};
		4AFD683424A5DDE300668714 /* Release */ = {
			isa = XCBuildConfiguration;
			baseConfigurationReference = FF1FFC8F9E6B7D36B5BE81D2 /* Pods-GitHubApp.release.xcconfig */;
			buildSettings = {
				ASSETCATALOG_COMPILER_APPICON_NAME = AppIcon;
				CODE_SIGN_STYLE = Automatic;
				DEVELOPMENT_TEAM = DNZ5Z4EKKR;
				INFOPLIST_FILE = GitHubApp/SupportingFiles/Info.plist;
				LD_RUNPATH_SEARCH_PATHS = (
					"$(inherited)",
					"@executable_path/Frameworks",
				);
				PRODUCT_BUNDLE_IDENTIFIER = com.johnroque.GitHubApp;
				PRODUCT_NAME = "$(TARGET_NAME)";
				SWIFT_VERSION = 5.0;
				TARGETED_DEVICE_FAMILY = 1;
			};
			name = Release;
		};
		4AFD683624A5DDE300668714 /* Debug */ = {
			isa = XCBuildConfiguration;
			baseConfigurationReference = F8E0FA69DDA83D538BB3BE9A /* Pods-GitHubAppTests.debug.xcconfig */;
			buildSettings = {
				ALWAYS_EMBED_SWIFT_STANDARD_LIBRARIES = YES;
				BUNDLE_LOADER = "$(TEST_HOST)";
				CODE_SIGN_STYLE = Automatic;
				DEVELOPMENT_TEAM = DNZ5Z4EKKR;
				INFOPLIST_FILE = GitHubAppTests/Info.plist;
				IPHONEOS_DEPLOYMENT_TARGET = 13.5;
				LD_RUNPATH_SEARCH_PATHS = (
					"$(inherited)",
					"@executable_path/Frameworks",
					"@loader_path/Frameworks",
				);
				PRODUCT_BUNDLE_IDENTIFIER = com.johnroque.GitHubAppTests;
				PRODUCT_NAME = "$(TARGET_NAME)";
				SWIFT_VERSION = 5.0;
				TARGETED_DEVICE_FAMILY = "1,2";
				TEST_HOST = "$(BUILT_PRODUCTS_DIR)/GitHubApp.app/GitHubApp";
			};
			name = Debug;
		};
		4AFD683724A5DDE300668714 /* Release */ = {
			isa = XCBuildConfiguration;
			baseConfigurationReference = C44C82D9B70E964BAC16CDF4 /* Pods-GitHubAppTests.release.xcconfig */;
			buildSettings = {
				ALWAYS_EMBED_SWIFT_STANDARD_LIBRARIES = YES;
				BUNDLE_LOADER = "$(TEST_HOST)";
				CODE_SIGN_STYLE = Automatic;
				DEVELOPMENT_TEAM = DNZ5Z4EKKR;
				INFOPLIST_FILE = GitHubAppTests/Info.plist;
				IPHONEOS_DEPLOYMENT_TARGET = 13.5;
				LD_RUNPATH_SEARCH_PATHS = (
					"$(inherited)",
					"@executable_path/Frameworks",
					"@loader_path/Frameworks",
				);
				PRODUCT_BUNDLE_IDENTIFIER = com.johnroque.GitHubAppTests;
				PRODUCT_NAME = "$(TARGET_NAME)";
				SWIFT_VERSION = 5.0;
				TARGETED_DEVICE_FAMILY = "1,2";
				TEST_HOST = "$(BUILT_PRODUCTS_DIR)/GitHubApp.app/GitHubApp";
			};
			name = Release;
		};
		4AFD683924A5DDE300668714 /* Debug */ = {
			isa = XCBuildConfiguration;
			baseConfigurationReference = 76B4B3859C2BF2F95B215984 /* Pods-GitHubAppUITests.debug.xcconfig */;
			buildSettings = {
				ALWAYS_EMBED_SWIFT_STANDARD_LIBRARIES = YES;
				CLANG_ENABLE_MODULES = YES;
				CODE_SIGN_STYLE = Automatic;
				DEVELOPMENT_TEAM = DNZ5Z4EKKR;
				INFOPLIST_FILE = GitHubAppUITests/Info.plist;
				LD_RUNPATH_SEARCH_PATHS = (
					"$(inherited)",
					"@executable_path/Frameworks",
					"@loader_path/Frameworks",
				);
				PRODUCT_BUNDLE_IDENTIFIER = com.johnroque.GitHubAppUITests;
				PRODUCT_NAME = "$(TARGET_NAME)";
				SWIFT_OPTIMIZATION_LEVEL = "-Onone";
				SWIFT_VERSION = 5.0;
				TARGETED_DEVICE_FAMILY = "1,2";
				TEST_TARGET_NAME = GitHubApp;
			};
			name = Debug;
		};
		4AFD683A24A5DDE300668714 /* Release */ = {
			isa = XCBuildConfiguration;
			baseConfigurationReference = 3263E87CA05DEB1419F2E480 /* Pods-GitHubAppUITests.release.xcconfig */;
			buildSettings = {
				ALWAYS_EMBED_SWIFT_STANDARD_LIBRARIES = YES;
				CLANG_ENABLE_MODULES = YES;
				CODE_SIGN_STYLE = Automatic;
				DEVELOPMENT_TEAM = DNZ5Z4EKKR;
				INFOPLIST_FILE = GitHubAppUITests/Info.plist;
				LD_RUNPATH_SEARCH_PATHS = (
					"$(inherited)",
					"@executable_path/Frameworks",
					"@loader_path/Frameworks",
				);
				PRODUCT_BUNDLE_IDENTIFIER = com.johnroque.GitHubAppUITests;
				PRODUCT_NAME = "$(TARGET_NAME)";
				SWIFT_VERSION = 5.0;
				TARGETED_DEVICE_FAMILY = "1,2";
				TEST_TARGET_NAME = GitHubApp;
			};
			name = Release;
		};
/* End XCBuildConfiguration section */

/* Begin XCConfigurationList section */
		4AFD680324A5DDDC00668714 /* Build configuration list for PBXProject "GitHubApp" */ = {
			isa = XCConfigurationList;
			buildConfigurations = (
				4AFD683024A5DDE300668714 /* Debug */,
				4AFD683124A5DDE300668714 /* Release */,
			);
			defaultConfigurationIsVisible = 0;
			defaultConfigurationName = Release;
		};
		4AFD683224A5DDE300668714 /* Build configuration list for PBXNativeTarget "GitHubApp" */ = {
			isa = XCConfigurationList;
			buildConfigurations = (
				4AFD683324A5DDE300668714 /* Debug */,
				4AFD683424A5DDE300668714 /* Release */,
			);
			defaultConfigurationIsVisible = 0;
			defaultConfigurationName = Release;
		};
		4AFD683524A5DDE300668714 /* Build configuration list for PBXNativeTarget "GitHubAppTests" */ = {
			isa = XCConfigurationList;
			buildConfigurations = (
				4AFD683624A5DDE300668714 /* Debug */,
				4AFD683724A5DDE300668714 /* Release */,
			);
			defaultConfigurationIsVisible = 0;
			defaultConfigurationName = Release;
		};
		4AFD683824A5DDE300668714 /* Build configuration list for PBXNativeTarget "GitHubAppUITests" */ = {
			isa = XCConfigurationList;
			buildConfigurations = (
				4AFD683924A5DDE300668714 /* Debug */,
				4AFD683A24A5DDE300668714 /* Release */,
			);
			defaultConfigurationIsVisible = 0;
			defaultConfigurationName = Release;
		};
/* End XCConfigurationList section */

/* Begin XCVersionGroup section */
		4A6263C424A7596100BB0E23 /* GitHubApp.xcdatamodeld */ = {
			isa = XCVersionGroup;
			children = (
				4A6263C524A7596100BB0E23 /* GitHubApp.xcdatamodel */,
			);
			currentVersion = 4A6263C524A7596100BB0E23 /* GitHubApp.xcdatamodel */;
			path = GitHubApp.xcdatamodeld;
			sourceTree = "<group>";
			versionGroupType = wrapper.xcdatamodel;
		};
/* End XCVersionGroup section */
	};
	rootObject = 4AFD680024A5DDDC00668714 /* Project object */;
}
